hash: f5ce07b49ab95527460a3bf365ed15c653ad727fcec700fe750eef66478916e3
updated: 2017-05-24T14:08:43.597981244+01:00
imports:
- name: github.com/go-kit/kit
  version: d67bb4c202e3b91377d1079b110a6c9ce23ab2f8
  subpackages:
  - log
  - log/level
- name: github.com/go-logfmt/logfmt
  version: 390ab7935ee28ec6b286364bba9b4dd6410cb3d5
- name: github.com/go-stack/stack
  version: 7a2f19628aabfe68f0766b59e74d6315f8347d22
- name: github.com/kr/logfmt
  version: b84e30acd515aadc4b783ad4ff83aff3299bdfe0
- name: github.com/pkg/errors
  version: c605e284fe17294bda444b34710735b29d1a9d90
- name: github.com/temoto/robotstxt
  version: 5f8637625d1077e19c85b5ae96c2f0f5bb476177
- name: golang.org/x/net
  version: 445979b94b42a1f13fdf26e8bf839a566e9796f9
  subpackages:
  - html
  - html/atom
testImports: []
